
Microsoft Visual Studio Solution File, Format Version 12.00
# Visual Studio Version 17
VisualStudioVersion = 17.4.33213.308
MinimumVisualStudioVersion = 10.0.40219.1
Project("{FAE04EC0-301F-11D3-BF4B-00C04F79EFBC}") = "Loxifi.LogWriter", "Loxifi.LogWriter.csproj", "{1D819161-7CBF-4A2E-963F-DBCD0328B12A}"
EndProject
Global
	GlobalSection(SolutionConfigurationPlatforms) = preSolution
		Debug|Any CPU = Debug|Any CPU
		Release|Any CPU = Release|Any CPU
	EndGlobalSection
	GlobalSection(ProjectConfigurationPlatforms) = postSolution
		{1D819161-7CBF-4A2E-963F-DBCD0328B12A}.Debug|Any CPU.ActiveCfg = Debug|Any CPU
		{1D819161-7CBF-4A2E-963F-DBCD0328B12A}.Debug|Any CPU.Build.0 = Debug|Any CPU
		{1D819161-7CBF-4A2E-963F-DBCD0328B12A}.Release|Any CPU.ActiveCfg = Release|Any CPU
		{1D819161-7CBF-4A2E-963F-DBCD0328B12A}.Release|Any CPU.Build.0 = Release|Any CPU
	EndGlobalSection
	GlobalSection(SolutionProperties) = preSolution
		HideSolutionNode = FALSE
	EndGlobalSection
	GlobalSection(ExtensibilityGlobals) = postSolution
		SolutionGuid = {316F60C1-10F2-44EB-A5FE-1BC4D82114A2}
	EndGlobalSection
EndGlobal
